
Microsoft Visual Studio Solution File, Format Version 12.00
# Visual Studio Version 17
VisualStudioVersion = 17.11.35303.130
MinimumVisualStudioVersion = 10.0.40219.1
Project("{FAE04EC0-301F-11D3-BF4B-00C04F79EFBC}") = "fogadoora", "fogadoora.csproj", "{46C562ED-2BC1-4EAE-8373-2E05235683DE}"
EndProject
Global
	GlobalSection(SolutionConfigurationPlatforms) = preSolution
		Debug|Any CPU = Debug|Any CPU
		Release|Any CPU = Release|Any CPU
	EndGlobalSection
	GlobalSection(ProjectConfigurationPlatforms) = postSolution
		{46C562ED-2BC1-4EAE-8373-2E05235683DE}.Debug|Any CPU.ActiveCfg = Debug|Any CPU
		{46C562ED-2BC1-4EAE-8373-2E05235683DE}.Debug|Any CPU.Build.0 = Debug|Any CPU
		{46C562ED-2BC1-4EAE-8373-2E05235683DE}.Release|Any CPU.ActiveCfg = Release|Any CPU
		{46C562ED-2BC1-4EAE-8373-2E05235683DE}.Release|Any CPU.Build.0 = Release|Any CPU
	EndGlobalSection
	GlobalSection(SolutionProperties) = preSolution
		HideSolutionNode = FALSE
	EndGlobalSection
	GlobalSection(ExtensibilityGlobals) = postSolution
		SolutionGuid = {D2ECE235-7112-4307-ADD5-4677263CA6FC}
	EndGlobalSection
EndGlobal
